
Microsoft Visual Studio Solution File, Format Version 12.00
# Visual Studio 15
VisualStudioVersion = 15.0.28307.757
MinimumVisualStudioVersion = 10.0.40219.1
Project("{2150E333-8FDC-42A3-9474-1A3956D46DE8}") = "Common", "Common", "{041B2691-7707-46EF-9C8E-4EB8614BDF50}"
EndProject
Project("{2150E333-8FDC-42A3-9474-1A3956D46DE8}") = "Services", "Services", "{B2FAC057-F917-48C0-9A9B-2A08C502E038}"
EndProject
Project("{2150E333-8FDC-42A3-9474-1A3956D46DE8}") = "UI", "UI", "{2E00E9B0-5875-4B4B-B91E-3AC812EB4A7E}"
EndProject
Project("{9A19103F-16F7-4668-BE54-9A1E7A4F7556}") = "WebShopSOA.Domain", "Common\WebShopSOA.Domain\WebShopSOA.Domain.csproj", "{A35379ED-97AA-478B-A4A8-8B96763B72BA}"
EndProject
Project("{9A19103F-16F7-4668-BE54-9A1E7A4F7556}") = "WebShopSOA.DAL", "Services\WebShopSOA.DAL\WebShopSOA.DAL.csproj", "{87666390-7A5E-48E6-ADF9-6791C5438AF1}"
EndProject
Project("{9A19103F-16F7-4668-BE54-9A1E7A4F7556}") = "WebShopSOA", "UI\WebShopSOA\WebShopSOA.csproj", "{B4F99AFB-FFD8-47A1-8F6A-68F3D8456EBD}"
EndProject
Project("{9A19103F-16F7-4668-BE54-9A1E7A4F7556}") = "WebShopSOA.ServiceHosting", "Services\WebShopSOA.ServiceHosting\WebShopSOA.ServiceHosting.csproj", "{AD4C1C7D-6233-49F9-AEBD-94D539A071A7}"
EndProject
Project("{9A19103F-16F7-4668-BE54-9A1E7A4F7556}") = "WebShopSOA.Interfaces", "Services\WebShopSOA.Interfaces\WebShopSOA.Interfaces.csproj", "{FA576B6B-628E-408F-B1FC-864D08C7208E}"
EndProject
Project("{9A19103F-16F7-4668-BE54-9A1E7A4F7556}") = "WebShopSOA.Services", "Services\WebShopSOA.Services\WebShopSOA.Services.csproj", "{E2E4417C-F2C4-4537-8A29-9A6AA044F47B}"
EndProject
Project("{9A19103F-16F7-4668-BE54-9A1E7A4F7556}") = "WebShopSOA.Clients", "Services\WebShopSOA.Clients\WebShopSOA.Clients.csproj", "{13A425D1-B3F2-4CFE-BE40-FA49AB3A707A}"
EndProject
Project("{FAE04EC0-301F-11D3-BF4B-00C04F79EFBC}") = "WebShopSOA.Logging", "Common\WebShopSOA.Logging\WebShopSOA.Logging.csproj", "{FAF5F6BA-A8BC-4F7F-B49D-9357FFCDF3A4}"
EndProject
Global
	GlobalSection(SolutionConfigurationPlatforms) = preSolution
		Debug|Any CPU = Debug|Any CPU
		Release|Any CPU = Release|Any CPU
	EndGlobalSection
	GlobalSection(ProjectConfigurationPlatforms) = postSolution
		{A35379ED-97AA-478B-A4A8-8B96763B72BA}.Debug|Any CPU.ActiveCfg = Debug|Any CPU
		{A35379ED-97AA-478B-A4A8-8B96763B72BA}.Debug|Any CPU.Build.0 = Debug|Any CPU
		{A35379ED-97AA-478B-A4A8-8B96763B72BA}.Release|Any CPU.ActiveCfg = Release|Any CPU
		{A35379ED-97AA-478B-A4A8-8B96763B72BA}.Release|Any CPU.Build.0 = Release|Any CPU
		{87666390-7A5E-48E6-ADF9-6791C5438AF1}.Debug|Any CPU.ActiveCfg = Debug|Any CPU
		{87666390-7A5E-48E6-ADF9-6791C5438AF1}.Debug|Any CPU.Build.0 = Debug|Any CPU
		{87666390-7A5E-48E6-ADF9-6791C5438AF1}.Release|Any CPU.ActiveCfg = Release|Any CPU
		{87666390-7A5E-48E6-ADF9-6791C5438AF1}.Release|Any CPU.Build.0 = Release|Any CPU
		{B4F99AFB-FFD8-47A1-8F6A-68F3D8456EBD}.Debug|Any CPU.ActiveCfg = Debug|Any CPU
		{B4F99AFB-FFD8-47A1-8F6A-68F3D8456EBD}.Debug|Any CPU.Build.0 = Debug|Any CPU
		{B4F99AFB-FFD8-47A1-8F6A-68F3D8456EBD}.Release|Any CPU.ActiveCfg = Release|Any CPU
		{B4F99AFB-FFD8-47A1-8F6A-68F3D8456EBD}.Release|Any CPU.Build.0 = Release|Any CPU
		{AD4C1C7D-6233-49F9-AEBD-94D539A071A7}.Debug|Any CPU.ActiveCfg = Debug|Any CPU
		{AD4C1C7D-6233-49F9-AEBD-94D539A071A7}.Debug|Any CPU.Build.0 = Debug|Any CPU
		{AD4C1C7D-6233-49F9-AEBD-94D539A071A7}.Release|Any CPU.ActiveCfg = Release|Any CPU
		{AD4C1C7D-6233-49F9-AEBD-94D539A071A7}.Release|Any CPU.Build.0 = Release|Any CPU
		{FA576B6B-628E-408F-B1FC-864D08C7208E}.Debug|Any CPU.ActiveCfg = Debug|Any CPU
		{FA576B6B-628E-408F-B1FC-864D08C7208E}.Debug|Any CPU.Build.0 = Debug|Any CPU
		{FA576B6B-628E-408F-B1FC-864D08C7208E}.Release|Any CPU.ActiveCfg = Release|Any CPU
		{FA576B6B-628E-408F-B1FC-864D08C7208E}.Release|Any CPU.Build.0 = Release|Any CPU
		{E2E4417C-F2C4-4537-8A29-9A6AA044F47B}.Debug|Any CPU.ActiveCfg = Debug|Any CPU
		{E2E4417C-F2C4-4537-8A29-9A6AA044F47B}.Debug|Any CPU.Build.0 = Debug|Any CPU
		{E2E4417C-F2C4-4537-8A29-9A6AA044F47B}.Release|Any CPU.ActiveCfg = Release|Any CPU
		{E2E4417C-F2C4-4537-8A29-9A6AA044F47B}.Release|Any CPU.Build.0 = Release|Any CPU
		{13A425D1-B3F2-4CFE-BE40-FA49AB3A707A}.Debug|Any CPU.ActiveCfg = Debug|Any CPU
		{13A425D1-B3F2-4CFE-BE40-FA49AB3A707A}.Debug|Any CPU.Build.0 = Debug|Any CPU
		{13A425D1-B3F2-4CFE-BE40-FA49AB3A707A}.Release|Any CPU.ActiveCfg = Release|Any CPU
		{13A425D1-B3F2-4CFE-BE40-FA49AB3A707A}.Release|Any CPU.Build.0 = Release|Any CPU
		{FAF5F6BA-A8BC-4F7F-B49D-9357FFCDF3A4}.Debug|Any CPU.ActiveCfg = Debug|Any CPU
		{FAF5F6BA-A8BC-4F7F-B49D-9357FFCDF3A4}.Debug|Any CPU.Build.0 = Debug|Any CPU
		{FAF5F6BA-A8BC-4F7F-B49D-9357FFCDF3A4}.Release|Any CPU.ActiveCfg = Release|Any CPU
		{FAF5F6BA-A8BC-4F7F-B49D-9357FFCDF3A4}.Release|Any CPU.Build.0 = Release|Any CPU
	EndGlobalSection
	GlobalSection(SolutionProperties) = preSolution
		HideSolutionNode = FALSE
	EndGlobalSection
	GlobalSection(NestedProjects) = preSolution
		{A35379ED-97AA-478B-A4A8-8B96763B72BA} = {041B2691-7707-46EF-9C8E-4EB8614BDF50}
		{87666390-7A5E-48E6-ADF9-6791C5438AF1} = {B2FAC057-F917-48C0-9A9B-2A08C502E038}
		{B4F99AFB-FFD8-47A1-8F6A-68F3D8456EBD} = {2E00E9B0-5875-4B4B-B91E-3AC812EB4A7E}
		{AD4C1C7D-6233-49F9-AEBD-94D539A071A7} = {B2FAC057-F917-48C0-9A9B-2A08C502E038}
		{FA576B6B-628E-408F-B1FC-864D08C7208E} = {B2FAC057-F917-48C0-9A9B-2A08C502E038}
		{E2E4417C-F2C4-4537-8A29-9A6AA044F47B} = {B2FAC057-F917-48C0-9A9B-2A08C502E038}
		{13A425D1-B3F2-4CFE-BE40-FA49AB3A707A} = {B2FAC057-F917-48C0-9A9B-2A08C502E038}
		{FAF5F6BA-A8BC-4F7F-B49D-9357FFCDF3A4} = {041B2691-7707-46EF-9C8E-4EB8614BDF50}
	EndGlobalSection
	GlobalSection(ExtensibilityGlobals) = postSolution
		SolutionGuid = {81C797FA-BCA8-4CF9-83B6-4C42A9360155}
	EndGlobalSection
EndGlobal
